
Microsoft Visual Studio Solution File, Format Version 12.00
# Visual Studio Version 17
VisualStudioVersion = 17.0.32112.339
MinimumVisualStudioVersion = 10.0.40219.1
Project("{FAE04EC0-301F-11D3-BF4B-00C04F79EFBC}") = "EccomerceClassWork", "EccomerceClassWork\EccomerceClassWork.csproj", "{DE735397-2B26-4A2B-BD05-7CC860D0D2C9}"
EndProject
Global
	GlobalSection(SolutionConfigurationPlatforms) = preSolution
		Debug|Any CPU = Debug|Any CPU
		Release|Any CPU = Release|Any CPU
	EndGlobalSection
	GlobalSection(ProjectConfigurationPlatforms) = postSolution
		{DE735397-2B26-4A2B-BD05-7CC860D0D2C9}.Debug|Any CPU.ActiveCfg = Debug|Any CPU
		{DE735397-2B26-4A2B-BD05-7CC860D0D2C9}.Debug|Any CPU.Build.0 = Debug|Any CPU
		{DE735397-2B26-4A2B-BD05-7CC860D0D2C9}.Release|Any CPU.ActiveCfg = Release|Any CPU
		{DE735397-2B26-4A2B-BD05-7CC860D0D2C9}.Release|Any CPU.Build.0 = Release|Any CPU
	EndGlobalSection
	GlobalSection(SolutionProperties) = preSolution
		HideSolutionNode = FALSE
	EndGlobalSection
	GlobalSection(ExtensibilityGlobals) = postSolution
		SolutionGuid = {431D95C8-19F1-461B-BD41-3B54BDADF755}
	EndGlobalSection
EndGlobal
